
Microsoft Visual Studio Solution File, Format Version 12.00
# Visual Studio 2012
Project("{FAE04EC0-301F-11D3-BF4B-00C04F79EFBC}") = "CNetwork", "Network\CNetwork.csproj", "{6A90815B-5B2D-4D00-BD9F-C2406A63BCBD}"
EndProject
Project("{FAE04EC0-301F-11D3-BF4B-00C04F79EFBC}") = "CSecurity", "Security\CSecurity.csproj", "{788554F7-4F9E-442C-BC40-AAE031EE5695}"
EndProject
Project("{FAE04EC0-301F-11D3-BF4B-00C04F79EFBC}") = "CImage", "Image\CImage.csproj", "{77031C93-7E2D-45BE-9973-B4DB1EF8C5AE}"
EndProject
Project("{FAE04EC0-301F-11D3-BF4B-00C04F79EFBC}") = "CBasic", "Basic\CBasic.csproj", "{6B69A121-82A4-4164-BE79-D923B362CB2D}"
EndProject
Project("{FAE04EC0-301F-11D3-BF4B-00C04F79EFBC}") = "WinForm", "WinForm\WinForm.csproj", "{124F2F99-EC88-4936-9B76-6C4D0161108C}"
EndProject
Project("{FAE04EC0-301F-11D3-BF4B-00C04F79EFBC}") = "ConsoleTest", "ConsoleTest\ConsoleTest.csproj", "{FB2477FC-7C57-4D46-88F7-E0EA807F4388}"
EndProject
Project("{FAE04EC0-301F-11D3-BF4B-00C04F79EFBC}") = "CExtension", "Extension\CExtension.csproj", "{EB906F2D-3F9E-453A-95B1-7AFD4B228E9A}"
EndProject
Project("{FAE04EC0-301F-11D3-BF4B-00C04F79EFBC}") = "CWeb", "CWeb\CWeb.csproj", "{EDF7E08E-FBDD-416D-AD86-25AEBE7C39FF}"
EndProject
Project("{FAE04EC0-301F-11D3-BF4B-00C04F79EFBC}") = "FormTest", "FormTest\FormTest.csproj", "{875B2D77-20F4-4ED1-9D4D-23512481DD10}"
EndProject
Project("{FAE04EC0-301F-11D3-BF4B-00C04F79EFBC}") = "CCom", "CCom\CCom.csproj", "{DFCF0DD8-0D79-4F4E-B302-4D9D58A3F72D}"
EndProject
Global
	GlobalSection(SolutionConfigurationPlatforms) = preSolution
		Debug|Any CPU = Debug|Any CPU
		Release|Any CPU = Release|Any CPU
	EndGlobalSection
	GlobalSection(ProjectConfigurationPlatforms) = postSolution
		{6A90815B-5B2D-4D00-BD9F-C2406A63BCBD}.Debug|Any CPU.ActiveCfg = Debug|Any CPU
		{6A90815B-5B2D-4D00-BD9F-C2406A63BCBD}.Debug|Any CPU.Build.0 = Debug|Any CPU
		{6A90815B-5B2D-4D00-BD9F-C2406A63BCBD}.Release|Any CPU.ActiveCfg = Release|Any CPU
		{6A90815B-5B2D-4D00-BD9F-C2406A63BCBD}.Release|Any CPU.Build.0 = Release|Any CPU
		{788554F7-4F9E-442C-BC40-AAE031EE5695}.Debug|Any CPU.ActiveCfg = Debug|Any CPU
		{788554F7-4F9E-442C-BC40-AAE031EE5695}.Debug|Any CPU.Build.0 = Debug|Any CPU
		{788554F7-4F9E-442C-BC40-AAE031EE5695}.Release|Any CPU.ActiveCfg = Release|Any CPU
		{788554F7-4F9E-442C-BC40-AAE031EE5695}.Release|Any CPU.Build.0 = Release|Any CPU
		{77031C93-7E2D-45BE-9973-B4DB1EF8C5AE}.Debug|Any CPU.ActiveCfg = Debug|Any CPU
		{77031C93-7E2D-45BE-9973-B4DB1EF8C5AE}.Debug|Any CPU.Build.0 = Debug|Any CPU
		{77031C93-7E2D-45BE-9973-B4DB1EF8C5AE}.Release|Any CPU.ActiveCfg = Release|Any CPU
		{77031C93-7E2D-45BE-9973-B4DB1EF8C5AE}.Release|Any CPU.Build.0 = Release|Any CPU
		{6B69A121-82A4-4164-BE79-D923B362CB2D}.Debug|Any CPU.ActiveCfg = Debug|Any CPU
		{6B69A121-82A4-4164-BE79-D923B362CB2D}.Debug|Any CPU.Build.0 = Debug|Any CPU
		{6B69A121-82A4-4164-BE79-D923B362CB2D}.Release|Any CPU.ActiveCfg = Release|Any CPU
		{6B69A121-82A4-4164-BE79-D923B362CB2D}.Release|Any CPU.Build.0 = Release|Any CPU
		{124F2F99-EC88-4936-9B76-6C4D0161108C}.Debug|Any CPU.ActiveCfg = Debug|Any CPU
		{124F2F99-EC88-4936-9B76-6C4D0161108C}.Debug|Any CPU.Build.0 = Debug|Any CPU
		{124F2F99-EC88-4936-9B76-6C4D0161108C}.Release|Any CPU.ActiveCfg = Release|Any CPU
		{124F2F99-EC88-4936-9B76-6C4D0161108C}.Release|Any CPU.Build.0 = Release|Any CPU
		{FB2477FC-7C57-4D46-88F7-E0EA807F4388}.Debug|Any CPU.ActiveCfg = Debug|Any CPU
		{FB2477FC-7C57-4D46-88F7-E0EA807F4388}.Debug|Any CPU.Build.0 = Debug|Any CPU
		{FB2477FC-7C57-4D46-88F7-E0EA807F4388}.Release|Any CPU.ActiveCfg = Release|Any CPU
		{FB2477FC-7C57-4D46-88F7-E0EA807F4388}.Release|Any CPU.Build.0 = Release|Any CPU
		{EB906F2D-3F9E-453A-95B1-7AFD4B228E9A}.Debug|Any CPU.ActiveCfg = Debug|Any CPU
		{EB906F2D-3F9E-453A-95B1-7AFD4B228E9A}.Debug|Any CPU.Build.0 = Debug|Any CPU
		{EB906F2D-3F9E-453A-95B1-7AFD4B228E9A}.Release|Any CPU.ActiveCfg = Release|Any CPU
		{EB906F2D-3F9E-453A-95B1-7AFD4B228E9A}.Release|Any CPU.Build.0 = Release|Any CPU
		{EDF7E08E-FBDD-416D-AD86-25AEBE7C39FF}.Debug|Any CPU.ActiveCfg = Debug|Any CPU
		{EDF7E08E-FBDD-416D-AD86-25AEBE7C39FF}.Debug|Any CPU.Build.0 = Debug|Any CPU
		{EDF7E08E-FBDD-416D-AD86-25AEBE7C39FF}.Release|Any CPU.ActiveCfg = Release|Any CPU
		{EDF7E08E-FBDD-416D-AD86-25AEBE7C39FF}.Release|Any CPU.Build.0 = Release|Any CPU
		{875B2D77-20F4-4ED1-9D4D-23512481DD10}.Debug|Any CPU.ActiveCfg = Debug|Any CPU
		{875B2D77-20F4-4ED1-9D4D-23512481DD10}.Debug|Any CPU.Build.0 = Debug|Any CPU
		{875B2D77-20F4-4ED1-9D4D-23512481DD10}.Release|Any CPU.ActiveCfg = Release|Any CPU
		{875B2D77-20F4-4ED1-9D4D-23512481DD10}.Release|Any CPU.Build.0 = Release|Any CPU
		{DFCF0DD8-0D79-4F4E-B302-4D9D58A3F72D}.Debug|Any CPU.ActiveCfg = Debug|Any CPU
		{DFCF0DD8-0D79-4F4E-B302-4D9D58A3F72D}.Debug|Any CPU.Build.0 = Debug|Any CPU
		{DFCF0DD8-0D79-4F4E-B302-4D9D58A3F72D}.Release|Any CPU.ActiveCfg = Release|Any CPU
		{DFCF0DD8-0D79-4F4E-B302-4D9D58A3F72D}.Release|Any CPU.Build.0 = Release|Any CPU
	EndGlobalSection
	GlobalSection(SolutionProperties) = preSolution
		HideSolutionNode = FALSE
	EndGlobalSection
EndGlobal
